
Microsoft Visual Studio Solution File, Format Version 12.00
# Visual Studio Version 17
VisualStudioVersion = 17.7.34018.315
MinimumVisualStudioVersion = 10.0.40219.1
Project("{2150E333-8FDC-42A3-9474-1A3956D46DE8}") = "test", "test", "{F9C2389A-298B-4CC1-9873-2B6127687576}"
EndProject
Project("{2150E333-8FDC-42A3-9474-1A3956D46DE8}") = "src", "src", "{C42B3D6E-EAEF-433E-BE5A-A002881F2CDC}"
EndProject
Project("{2150E333-8FDC-42A3-9474-1A3956D46DE8}") = "solution items", "solution items", "{51804428-4F08-4073-A84B-0CDA7D916DFD}"
	ProjectSection(SolutionItems) = preProject
		docker-compose.Dev.Infrastructure.yaml = docker-compose.Dev.Infrastructure.yaml
		README.txt = README.txt
	EndProjectSection
EndProject
Project("{9A19103F-16F7-4668-BE54-9A1E7A4F7556}") = "DistributeSystem.API", "DistributeSystem.API\DistributeSystem.API.csproj", "{A8B37468-C231-4C00-B949-A99407F5A76C}"
EndProject
Project("{9A19103F-16F7-4668-BE54-9A1E7A4F7556}") = "DistributeSystem.Domain", "DistributeSystem.Domain\DistributeSystem.Domain.csproj", "{F965B6D0-9DD4-4066-80B8-ACB8A871B506}"
EndProject
Project("{9A19103F-16F7-4668-BE54-9A1E7A4F7556}") = "DistributeSystem.Application", "DistributeSystem.Application\DistributeSystem.Application.csproj", "{53A2F175-A2C6-4706-B0E4-16C9DD0405E2}"
EndProject
Project("{9A19103F-16F7-4668-BE54-9A1E7A4F7556}") = "DistributeSystem.Contract", "DistributeSystem.Contract\DistributeSystem.Contract.csproj", "{3323B5F5-F6D1-41C0-9016-E84F622CF11C}"
EndProject
Project("{9A19103F-16F7-4668-BE54-9A1E7A4F7556}") = "DistributeSystem.Infrastructure", "DistributeSystem.Infrastructor\DistributeSystem.Infrastructure.csproj", "{EFA553C1-95E9-49F1-AB04-A28B923181B7}"
EndProject
Project("{9A19103F-16F7-4668-BE54-9A1E7A4F7556}") = "DistributeSystem.Persistence", "DistributeSystem.Persistent\DistributeSystem.Persistence.csproj", "{841CE493-E83F-40FF-9FEC-D191DF5D648B}"
EndProject
Project("{9A19103F-16F7-4668-BE54-9A1E7A4F7556}") = "DistributeSystem.Presentation", "DistributeSystem.Presentation\DistributeSystem.Presentation.csproj", "{ED8D819D-F5D8-4EB8-AA66-B488DD59BC6B}"
EndProject
Project("{2150E333-8FDC-42A3-9474-1A3956D46DE8}") = "command", "command", "{F418DBB0-E7A3-4314-8C9E-B80E4061A325}"
EndProject
Project("{2150E333-8FDC-42A3-9474-1A3956D46DE8}") = "Query", "Query", "{086B7490-D39F-440F-8D07-B4A8EBFA7527}"
EndProject
Project("{9A19103F-16F7-4668-BE54-9A1E7A4F7556}") = "Query.API", "Query.API\Query.API.csproj", "{F3EB2C4C-71FF-4EF5-8E48-BC04A579018E}"
EndProject
Project("{9A19103F-16F7-4668-BE54-9A1E7A4F7556}") = "Query.Application", "Query.Application\Query.Application.csproj", "{F80A44ED-1299-4427-8434-D02FCDB2140D}"
EndProject
Project("{9A19103F-16F7-4668-BE54-9A1E7A4F7556}") = "Query.Persistence", "Query.Persistan\Query.Persistence.csproj", "{8E5D306D-A40D-491C-B94D-4821BBCEAA77}"
EndProject
Project("{9A19103F-16F7-4668-BE54-9A1E7A4F7556}") = "Query.Domain", "Query.Domain\Query.Domain.csproj", "{19FC1FF4-D8A3-43AE-8728-1D0CB89F9BF7}"
EndProject
Project("{9A19103F-16F7-4668-BE54-9A1E7A4F7556}") = "Query.Infrastructure", "Query.Infrastructure\Query.Infrastructure.csproj", "{E1233F4B-9990-4D7C-BF32-7E934E570182}"
EndProject
Project("{2150E333-8FDC-42A3-9474-1A3956D46DE8}") = "Contract", "Contract", "{1930761C-E1C4-4769-ADE1-64965907BF9C}"
EndProject
Project("{9A19103F-16F7-4668-BE54-9A1E7A4F7556}") = "Query.Presentation", "Query.Presentation\Query.Presentation.csproj", "{9C3229AB-D34C-4DD8-9C31-17BDB3AFE30E}"
EndProject
Project("{2150E333-8FDC-42A3-9474-1A3956D46DE8}") = "NewFolder1", "NewFolder1", "{9D7350D1-6556-4D30-AAB8-D5588FA2A7A7}"
EndProject
Project("{2150E333-8FDC-42A3-9474-1A3956D46DE8}") = "RerertProxy", "RerertProxy", "{00D68A27-911C-4406-A4FA-C6597DB9EC44}"
EndProject
Project("{9A19103F-16F7-4668-BE54-9A1E7A4F7556}") = "APIGateway", "ReverProxy\APIGateway\APIGateway.csproj", "{84C923D3-0C38-4A9D-B603-365B64A9355D}"
EndProject
Project("{2150E333-8FDC-42A3-9474-1A3956D46DE8}") = "Authorization", "Authorization", "{FAEAAA6F-E766-4757-909C-3A1DA1619BE9}"
EndProject
Project("{9A19103F-16F7-4668-BE54-9A1E7A4F7556}") = "Authorizations.Infrastructor", "Authorizations.Infrastructor\Authorizations.Infrastructor.csproj", "{256145A7-DEDF-4C3A-A598-55533D64AC2D}"
EndProject
Project("{9A19103F-16F7-4668-BE54-9A1E7A4F7556}") = "Authorizations.Application", "Authorizations.Application\Authorizations.Application.csproj", "{04F792C6-A15D-4245-B94F-63D480FBCF2E}"
EndProject
Project("{9A19103F-16F7-4668-BE54-9A1E7A4F7556}") = "Authorizations.Presetation", "Authorizations.Presetation\Authorizations.Presetation.csproj", "{9A04FA23-594F-447D-967C-52527E4D49FC}"
EndProject
Project("{FAE04EC0-301F-11D3-BF4B-00C04F79EFBC}") = "Authorizations.Domain", "Authorizations.Domain\Authorizations.Domain.csproj", "{EB41CD02-DA63-45E6-A5A4-A109A28061EB}"
EndProject
Project("{FAE04EC0-301F-11D3-BF4B-00C04F79EFBC}") = "Authorizations.API", "Authorizations.API\Authorizations.API.csproj", "{8F7A8E61-F09A-4FF7-B0BE-34853F68A9C2}"
EndProject
Global
	GlobalSection(SolutionConfigurationPlatforms) = preSolution
		Debug|Any CPU = Debug|Any CPU
		Release|Any CPU = Release|Any CPU
	EndGlobalSection
	GlobalSection(ProjectConfigurationPlatforms) = postSolution
		{A8B37468-C231-4C00-B949-A99407F5A76C}.Debug|Any CPU.ActiveCfg = Debug|Any CPU
		{A8B37468-C231-4C00-B949-A99407F5A76C}.Debug|Any CPU.Build.0 = Debug|Any CPU
		{A8B37468-C231-4C00-B949-A99407F5A76C}.Release|Any CPU.ActiveCfg = Release|Any CPU
		{A8B37468-C231-4C00-B949-A99407F5A76C}.Release|Any CPU.Build.0 = Release|Any CPU
		{F965B6D0-9DD4-4066-80B8-ACB8A871B506}.Debug|Any CPU.ActiveCfg = Debug|Any CPU
		{F965B6D0-9DD4-4066-80B8-ACB8A871B506}.Debug|Any CPU.Build.0 = Debug|Any CPU
		{F965B6D0-9DD4-4066-80B8-ACB8A871B506}.Release|Any CPU.ActiveCfg = Release|Any CPU
		{F965B6D0-9DD4-4066-80B8-ACB8A871B506}.Release|Any CPU.Build.0 = Release|Any CPU
		{53A2F175-A2C6-4706-B0E4-16C9DD0405E2}.Debug|Any CPU.ActiveCfg = Debug|Any CPU
		{53A2F175-A2C6-4706-B0E4-16C9DD0405E2}.Debug|Any CPU.Build.0 = Debug|Any CPU
		{53A2F175-A2C6-4706-B0E4-16C9DD0405E2}.Release|Any CPU.ActiveCfg = Release|Any CPU
		{53A2F175-A2C6-4706-B0E4-16C9DD0405E2}.Release|Any CPU.Build.0 = Release|Any CPU
		{3323B5F5-F6D1-41C0-9016-E84F622CF11C}.Debug|Any CPU.ActiveCfg = Debug|Any CPU
		{3323B5F5-F6D1-41C0-9016-E84F622CF11C}.Debug|Any CPU.Build.0 = Debug|Any CPU
		{3323B5F5-F6D1-41C0-9016-E84F622CF11C}.Release|Any CPU.ActiveCfg = Release|Any CPU
		{3323B5F5-F6D1-41C0-9016-E84F622CF11C}.Release|Any CPU.Build.0 = Release|Any CPU
		{EFA553C1-95E9-49F1-AB04-A28B923181B7}.Debug|Any CPU.ActiveCfg = Debug|Any CPU
		{EFA553C1-95E9-49F1-AB04-A28B923181B7}.Debug|Any CPU.Build.0 = Debug|Any CPU
		{EFA553C1-95E9-49F1-AB04-A28B923181B7}.Release|Any CPU.ActiveCfg = Release|Any CPU
		{EFA553C1-95E9-49F1-AB04-A28B923181B7}.Release|Any CPU.Build.0 = Release|Any CPU
		{841CE493-E83F-40FF-9FEC-D191DF5D648B}.Debug|Any CPU.ActiveCfg = Debug|Any CPU
		{841CE493-E83F-40FF-9FEC-D191DF5D648B}.Debug|Any CPU.Build.0 = Debug|Any CPU
		{841CE493-E83F-40FF-9FEC-D191DF5D648B}.Release|Any CPU.ActiveCfg = Release|Any CPU
		{841CE493-E83F-40FF-9FEC-D191DF5D648B}.Release|Any CPU.Build.0 = Release|Any CPU
		{ED8D819D-F5D8-4EB8-AA66-B488DD59BC6B}.Debug|Any CPU.ActiveCfg = Debug|Any CPU
		{ED8D819D-F5D8-4EB8-AA66-B488DD59BC6B}.Debug|Any CPU.Build.0 = Debug|Any CPU
		{ED8D819D-F5D8-4EB8-AA66-B488DD59BC6B}.Release|Any CPU.ActiveCfg = Release|Any CPU
		{ED8D819D-F5D8-4EB8-AA66-B488DD59BC6B}.Release|Any CPU.Build.0 = Release|Any CPU
		{F3EB2C4C-71FF-4EF5-8E48-BC04A579018E}.Debug|Any CPU.ActiveCfg = Debug|Any CPU
		{F3EB2C4C-71FF-4EF5-8E48-BC04A579018E}.Debug|Any CPU.Build.0 = Debug|Any CPU
		{F3EB2C4C-71FF-4EF5-8E48-BC04A579018E}.Release|Any CPU.ActiveCfg = Release|Any CPU
		{F3EB2C4C-71FF-4EF5-8E48-BC04A579018E}.Release|Any CPU.Build.0 = Release|Any CPU
		{F80A44ED-1299-4427-8434-D02FCDB2140D}.Debug|Any CPU.ActiveCfg = Debug|Any CPU
		{F80A44ED-1299-4427-8434-D02FCDB2140D}.Debug|Any CPU.Build.0 = Debug|Any CPU
		{F80A44ED-1299-4427-8434-D02FCDB2140D}.Release|Any CPU.ActiveCfg = Release|Any CPU
		{F80A44ED-1299-4427-8434-D02FCDB2140D}.Release|Any CPU.Build.0 = Release|Any CPU
		{8E5D306D-A40D-491C-B94D-4821BBCEAA77}.Debug|Any CPU.ActiveCfg = Debug|Any CPU
		{8E5D306D-A40D-491C-B94D-4821BBCEAA77}.Debug|Any CPU.Build.0 = Debug|Any CPU
		{8E5D306D-A40D-491C-B94D-4821BBCEAA77}.Release|Any CPU.ActiveCfg = Release|Any CPU
		{8E5D306D-A40D-491C-B94D-4821BBCEAA77}.Release|Any CPU.Build.0 = Release|Any CPU
		{19FC1FF4-D8A3-43AE-8728-1D0CB89F9BF7}.Debug|Any CPU.ActiveCfg = Debug|Any CPU
		{19FC1FF4-D8A3-43AE-8728-1D0CB89F9BF7}.Debug|Any CPU.Build.0 = Debug|Any CPU
		{19FC1FF4-D8A3-43AE-8728-1D0CB89F9BF7}.Release|Any CPU.ActiveCfg = Release|Any CPU
		{19FC1FF4-D8A3-43AE-8728-1D0CB89F9BF7}.Release|Any CPU.Build.0 = Release|Any CPU
		{E1233F4B-9990-4D7C-BF32-7E934E570182}.Debug|Any CPU.ActiveCfg = Debug|Any CPU
		{E1233F4B-9990-4D7C-BF32-7E934E570182}.Debug|Any CPU.Build.0 = Debug|Any CPU
		{E1233F4B-9990-4D7C-BF32-7E934E570182}.Release|Any CPU.ActiveCfg = Release|Any CPU
		{E1233F4B-9990-4D7C-BF32-7E934E570182}.Release|Any CPU.Build.0 = Release|Any CPU
		{9C3229AB-D34C-4DD8-9C31-17BDB3AFE30E}.Debug|Any CPU.ActiveCfg = Debug|Any CPU
		{9C3229AB-D34C-4DD8-9C31-17BDB3AFE30E}.Debug|Any CPU.Build.0 = Debug|Any CPU
		{9C3229AB-D34C-4DD8-9C31-17BDB3AFE30E}.Release|Any CPU.ActiveCfg = Release|Any CPU
		{9C3229AB-D34C-4DD8-9C31-17BDB3AFE30E}.Release|Any CPU.Build.0 = Release|Any CPU
		{84C923D3-0C38-4A9D-B603-365B64A9355D}.Debug|Any CPU.ActiveCfg = Debug|Any CPU
		{84C923D3-0C38-4A9D-B603-365B64A9355D}.Debug|Any CPU.Build.0 = Debug|Any CPU
		{84C923D3-0C38-4A9D-B603-365B64A9355D}.Release|Any CPU.ActiveCfg = Release|Any CPU
		{84C923D3-0C38-4A9D-B603-365B64A9355D}.Release|Any CPU.Build.0 = Release|Any CPU
		{256145A7-DEDF-4C3A-A598-55533D64AC2D}.Debug|Any CPU.ActiveCfg = Debug|Any CPU
		{256145A7-DEDF-4C3A-A598-55533D64AC2D}.Debug|Any CPU.Build.0 = Debug|Any CPU
		{256145A7-DEDF-4C3A-A598-55533D64AC2D}.Release|Any CPU.ActiveCfg = Release|Any CPU
		{256145A7-DEDF-4C3A-A598-55533D64AC2D}.Release|Any CPU.Build.0 = Release|Any CPU
		{04F792C6-A15D-4245-B94F-63D480FBCF2E}.Debug|Any CPU.ActiveCfg = Debug|Any CPU
		{04F792C6-A15D-4245-B94F-63D480FBCF2E}.Debug|Any CPU.Build.0 = Debug|Any CPU
		{04F792C6-A15D-4245-B94F-63D480FBCF2E}.Release|Any CPU.ActiveCfg = Release|Any CPU
		{04F792C6-A15D-4245-B94F-63D480FBCF2E}.Release|Any CPU.Build.0 = Release|Any CPU
		{9A04FA23-594F-447D-967C-52527E4D49FC}.Debug|Any CPU.ActiveCfg = Debug|Any CPU
		{9A04FA23-594F-447D-967C-52527E4D49FC}.Debug|Any CPU.Build.0 = Debug|Any CPU
		{9A04FA23-594F-447D-967C-52527E4D49FC}.Release|Any CPU.ActiveCfg = Release|Any CPU
		{9A04FA23-594F-447D-967C-52527E4D49FC}.Release|Any CPU.Build.0 = Release|Any CPU
		{EB41CD02-DA63-45E6-A5A4-A109A28061EB}.Debug|Any CPU.ActiveCfg = Debug|Any CPU
		{EB41CD02-DA63-45E6-A5A4-A109A28061EB}.Debug|Any CPU.Build.0 = Debug|Any CPU
		{EB41CD02-DA63-45E6-A5A4-A109A28061EB}.Release|Any CPU.ActiveCfg = Release|Any CPU
		{EB41CD02-DA63-45E6-A5A4-A109A28061EB}.Release|Any CPU.Build.0 = Release|Any CPU
		{8F7A8E61-F09A-4FF7-B0BE-34853F68A9C2}.Debug|Any CPU.ActiveCfg = Debug|Any CPU
		{8F7A8E61-F09A-4FF7-B0BE-34853F68A9C2}.Debug|Any CPU.Build.0 = Debug|Any CPU
		{8F7A8E61-F09A-4FF7-B0BE-34853F68A9C2}.Release|Any CPU.ActiveCfg = Release|Any CPU
		{8F7A8E61-F09A-4FF7-B0BE-34853F68A9C2}.Release|Any CPU.Build.0 = Release|Any CPU
	EndGlobalSection
	GlobalSection(SolutionProperties) = preSolution
		HideSolutionNode = FALSE
	EndGlobalSection
	GlobalSection(NestedProjects) = preSolution
		{A8B37468-C231-4C00-B949-A99407F5A76C} = {F418DBB0-E7A3-4314-8C9E-B80E4061A325}
		{F965B6D0-9DD4-4066-80B8-ACB8A871B506} = {F418DBB0-E7A3-4314-8C9E-B80E4061A325}
		{53A2F175-A2C6-4706-B0E4-16C9DD0405E2} = {F418DBB0-E7A3-4314-8C9E-B80E4061A325}
		{3323B5F5-F6D1-41C0-9016-E84F622CF11C} = {1930761C-E1C4-4769-ADE1-64965907BF9C}
		{EFA553C1-95E9-49F1-AB04-A28B923181B7} = {F418DBB0-E7A3-4314-8C9E-B80E4061A325}
		{841CE493-E83F-40FF-9FEC-D191DF5D648B} = {F418DBB0-E7A3-4314-8C9E-B80E4061A325}
		{ED8D819D-F5D8-4EB8-AA66-B488DD59BC6B} = {F418DBB0-E7A3-4314-8C9E-B80E4061A325}
		{F418DBB0-E7A3-4314-8C9E-B80E4061A325} = {C42B3D6E-EAEF-433E-BE5A-A002881F2CDC}
		{086B7490-D39F-440F-8D07-B4A8EBFA7527} = {C42B3D6E-EAEF-433E-BE5A-A002881F2CDC}
		{F3EB2C4C-71FF-4EF5-8E48-BC04A579018E} = {086B7490-D39F-440F-8D07-B4A8EBFA7527}
		{F80A44ED-1299-4427-8434-D02FCDB2140D} = {086B7490-D39F-440F-8D07-B4A8EBFA7527}
		{8E5D306D-A40D-491C-B94D-4821BBCEAA77} = {086B7490-D39F-440F-8D07-B4A8EBFA7527}
		{19FC1FF4-D8A3-43AE-8728-1D0CB89F9BF7} = {086B7490-D39F-440F-8D07-B4A8EBFA7527}
		{E1233F4B-9990-4D7C-BF32-7E934E570182} = {086B7490-D39F-440F-8D07-B4A8EBFA7527}
		{1930761C-E1C4-4769-ADE1-64965907BF9C} = {C42B3D6E-EAEF-433E-BE5A-A002881F2CDC}
		{9C3229AB-D34C-4DD8-9C31-17BDB3AFE30E} = {086B7490-D39F-440F-8D07-B4A8EBFA7527}
		{00D68A27-911C-4406-A4FA-C6597DB9EC44} = {C42B3D6E-EAEF-433E-BE5A-A002881F2CDC}
		{84C923D3-0C38-4A9D-B603-365B64A9355D} = {00D68A27-911C-4406-A4FA-C6597DB9EC44}
		{FAEAAA6F-E766-4757-909C-3A1DA1619BE9} = {C42B3D6E-EAEF-433E-BE5A-A002881F2CDC}
		{256145A7-DEDF-4C3A-A598-55533D64AC2D} = {FAEAAA6F-E766-4757-909C-3A1DA1619BE9}
		{04F792C6-A15D-4245-B94F-63D480FBCF2E} = {FAEAAA6F-E766-4757-909C-3A1DA1619BE9}
		{9A04FA23-594F-447D-967C-52527E4D49FC} = {FAEAAA6F-E766-4757-909C-3A1DA1619BE9}
		{EB41CD02-DA63-45E6-A5A4-A109A28061EB} = {FAEAAA6F-E766-4757-909C-3A1DA1619BE9}
		{8F7A8E61-F09A-4FF7-B0BE-34853F68A9C2} = {FAEAAA6F-E766-4757-909C-3A1DA1619BE9}
	EndGlobalSection
	GlobalSection(ExtensibilityGlobals) = postSolution
		SolutionGuid = {D6EDE5D3-4590-4AD0-96F7-3AD2EA8E1DF0}
	EndGlobalSection
EndGlobal
